{
    "requires": true,
    "lockfileVersion": 1,
    "dependencies": {
        "animate.css": {
            "version": "3.7.0",
            "resolved": "https://registry.npmjs.org/animate.css/-/animate.css-3.7.0.tgz",
            "integrity": "sha512-u3iMXDJr0cxMdQocIciDiou9Au4L5f9uT+/jCtprw3s1j3HcfCuI+khF+90Ps2KdsEhM2soF7SXB4WUvI3HlXg=="
        },
        "font-awesome": {
            "version": "4.7.0",
            "resolved": "https://registry.npmjs.org/font-awesome/-/font-awesome-4.7.0.tgz",
            "integrity": "sha1-j6jPBBGhoxr9B7BtKQK7n8gVoTM="
        },
        "vuetify": {
            "version": "1.4.3",
            "resolved": "https://registry.npmjs.org/vuetify/-/vuetify-1.4.3.tgz",
            "integrity": "sha512-BRTETa3rQ016OOkL1Y28vOYPPJFU0TwSr9nwjT/M840bnk0A9znk1mGvdk1W+qb9IbtWJ9RUk2W1+7l9RcKa8A=="
        }
    }
}
